
Microsoft Visual Studio Solution File, Format Version 12.00
# Visual Studio Version 17
VisualStudioVersion = 17.9.34728.123
MinimumVisualStudioVersion = 10.0.40219.1
Project("{8BC9CEB8-8B4A-11D0-8D11-00A0C91BC942}") = "CG2-01", "CG2-01.vcxproj", "{3273A501-34B9-470D-B6C7-A69E0BF12DAC}"
EndProject
Project("{2150E333-8FDC-42A3-9474-1A3956D46DE8}") = "ソリューション項目", "ソリューション項目", "{8BBC653F-2756-4DBE-A1CB-2AE991428788}"
	ProjectSection(SolutionItems) = preProject
		.editorconfig = .editorconfig
	EndProjectSection
EndProject
Project("{8BC9CEB8-8B4A-11D0-8D11-00A0C91BC942}") = "DirectXTex", "externals\DirectXTex\DirectXTex_Desktop_2022_Win10.vcxproj", "{371B9FA9-4C90-4AC6-A123-ACED756D6C77}"
EndProject
Global
	GlobalSection(SolutionConfigurationPlatforms) = preSolution
		Debug|ARM = Debug|ARM
		Debug|ARM64 = Debug|ARM64
		Debug|x64 = Debug|x64
		Debug|x86 = Debug|x86
		Profile|ARM = Profile|ARM
		Profile|ARM64 = Profile|ARM64
		Profile|x64 = Profile|x64
		Profile|x86 = Profile|x86
		Release|ARM = Release|ARM
		Release|ARM64 = Release|ARM64
		Release|x64 = Release|x64
		Release|x86 = Release|x86
	EndGlobalSection
	GlobalSection(ProjectConfigurationPlatforms) = postSolution
		{3273A501-34B9-470D-B6C7-A69E0BF12DAC}.Debug|ARM.ActiveCfg = Debug|x64
		{3273A501-34B9-470D-B6C7-A69E0BF12DAC}.Debug|ARM.Build.0 = Debug|x64
		{3273A501-34B9-470D-B6C7-A69E0BF12DAC}.Debug|ARM64.ActiveCfg = Debug|x64
		{3273A501-34B9-470D-B6C7-A69E0BF12DAC}.Debug|ARM64.Build.0 = Debug|x64
		{3273A501-34B9-470D-B6C7-A69E0BF12DAC}.Debug|x64.ActiveCfg = Debug|x64
		{3273A501-34B9-470D-B6C7-A69E0BF12DAC}.Debug|x64.Build.0 = Debug|x64
		{3273A501-34B9-470D-B6C7-A69E0BF12DAC}.Debug|x86.ActiveCfg = Debug|x64
		{3273A501-34B9-470D-B6C7-A69E0BF12DAC}.Debug|x86.Build.0 = Debug|x64
		{3273A501-34B9-470D-B6C7-A69E0BF12DAC}.Profile|ARM.ActiveCfg = Release|x64
		{3273A501-34B9-470D-B6C7-A69E0BF12DAC}.Profile|ARM.Build.0 = Release|x64
		{3273A501-34B9-470D-B6C7-A69E0BF12DAC}.Profile|ARM64.ActiveCfg = Release|x64
		{3273A501-34B9-470D-B6C7-A69E0BF12DAC}.Profile|ARM64.Build.0 = Release|x64
		{3273A501-34B9-470D-B6C7-A69E0BF12DAC}.Profile|x64.ActiveCfg = Release|x64
		{3273A501-34B9-470D-B6C7-A69E0BF12DAC}.Profile|x64.Build.0 = Release|x64
		{3273A501-34B9-470D-B6C7-A69E0BF12DAC}.Profile|x86.ActiveCfg = Release|x64
		{3273A501-34B9-470D-B6C7-A69E0BF12DAC}.Profile|x86.Build.0 = Release|x64
		{3273A501-34B9-470D-B6C7-A69E0BF12DAC}.Release|ARM.ActiveCfg = Release|x64
		{3273A501-34B9-470D-B6C7-A69E0BF12DAC}.Release|ARM.Build.0 = Release|x64
		{3273A501-34B9-470D-B6C7-A69E0BF12DAC}.Release|ARM64.ActiveCfg = Release|x64
		{3273A501-34B9-470D-B6C7-A69E0BF12DAC}.Release|ARM64.Build.0 = Release|x64
		{3273A501-34B9-470D-B6C7-A69E0BF12DAC}.Release|x64.ActiveCfg = Release|x64
		{3273A501-34B9-470D-B6C7-A69E0BF12DAC}.Release|x64.Build.0 = Release|x64
		{3273A501-34B9-470D-B6C7-A69E0BF12DAC}.Release|x86.ActiveCfg = Release|x64
		{3273A501-34B9-470D-B6C7-A69E0BF12DAC}.Release|x86.Build.0 = Release|x64
		{371B9FA9-4C90-4AC6-A123-ACED756D6C77}.Debug|ARM.ActiveCfg = Debug|x64
		{371B9FA9-4C90-4AC6-A123-ACED756D6C77}.Debug|ARM.Build.0 = Debug|x64
		{371B9FA9-4C90-4AC6-A123-ACED756D6C77}.Debug|ARM64.ActiveCfg = Debug|ARM64
		{371B9FA9-4C90-4AC6-A123-ACED756D6C77}.Debug|ARM64.Build.0 = Debug|ARM64
		{371B9FA9-4C90-4AC6-A123-ACED756D6C77}.Debug|x64.ActiveCfg = Debug|x64
		{371B9FA9-4C90-4AC6-A123-ACED756D6C77}.Debug|x64.Build.0 = Debug|x64
		{371B9FA9-4C90-4AC6-A123-ACED756D6C77}.Debug|x86.ActiveCfg = Debug|Win32
		{371B9FA9-4C90-4AC6-A123-ACED756D6C77}.Debug|x86.Build.0 = Debug|Win32
		{371B9FA9-4C90-4AC6-A123-ACED756D6C77}.Profile|ARM.ActiveCfg = Profile|x64
		{371B9FA9-4C90-4AC6-A123-ACED756D6C77}.Profile|ARM.Build.0 = Profile|x64
		{371B9FA9-4C90-4AC6-A123-ACED756D6C77}.Profile|ARM64.ActiveCfg = Profile|ARM64
		{371B9FA9-4C90-4AC6-A123-ACED756D6C77}.Profile|ARM64.Build.0 = Profile|ARM64
		{371B9FA9-4C90-4AC6-A123-ACED756D6C77}.Profile|x64.ActiveCfg = Profile|x64
		{371B9FA9-4C90-4AC6-A123-ACED756D6C77}.Profile|x64.Build.0 = Profile|x64
		{371B9FA9-4C90-4AC6-A123-ACED756D6C77}.Profile|x86.ActiveCfg = Profile|Win32
		{371B9FA9-4C90-4AC6-A123-ACED756D6C77}.Profile|x86.Build.0 = Profile|Win32
		{371B9FA9-4C90-4AC6-A123-ACED756D6C77}.Release|ARM.ActiveCfg = Release|x64
		{371B9FA9-4C90-4AC6-A123-ACED756D6C77}.Release|ARM.Build.0 = Release|x64
		{371B9FA9-4C90-4AC6-A123-ACED756D6C77}.Release|ARM64.ActiveCfg = Release|ARM64
		{371B9FA9-4C90-4AC6-A123-ACED756D6C77}.Release|ARM64.Build.0 = Release|ARM64
		{371B9FA9-4C90-4AC6-A123-ACED756D6C77}.Release|x64.ActiveCfg = Release|x64
		{371B9FA9-4C90-4AC6-A123-ACED756D6C77}.Release|x64.Build.0 = Release|x64
		{371B9FA9-4C90-4AC6-A123-ACED756D6C77}.Release|x86.ActiveCfg = Release|Win32
		{371B9FA9-4C90-4AC6-A123-ACED756D6C77}.Release|x86.Build.0 = Release|Win32
	EndGlobalSection
	GlobalSection(SolutionProperties) = preSolution
		HideSolutionNode = FALSE
	EndGlobalSection
	GlobalSection(ExtensibilityGlobals) = postSolution
		SolutionGuid = {07640F56-3BA9-455F-B66A-91C587C2C20A}
	EndGlobalSection
EndGlobal
